// !$*UTF8*$!
{
	archiveVersion = 1;
	classes = {
	};
	objectVersion = 56;
	objects = {

/* Begin PBXBuildFile section */
		A6B3320229A5952B00D6C00B /* InTapApp.swift in Sources */ = {isa = PBXBuildFile; fileRef = A6B3320129A5952B00D6C00B /* InTapApp.swift */; };
		A6B3320429A5952B00D6C00B /* ContentView.swift in Sources */ = {isa = PBXBuildFile; fileRef = A6B3320329A5952B00D6C00B /* ContentView.swift */; };
		A6B3320629A5952C00D6C00B /* Assets.xcassets in Resources */ = {isa = PBXBuildFile; fileRef = A6B3320529A5952C00D6C00B /* Assets.xcassets */; };
		A6B3320929A5952C00D6C00B /* Preview Assets.xcassets in Resources */ = {isa = PBXBuildFile; fileRef = A6B3320829A5952C00D6C00B /* Preview Assets.xcassets */; };
		A6B3321029A5975800D6C00B /* ButtonStyles.swift in Sources */ = {isa = PBXBuildFile; fileRef = A6B3320F29A5975800D6C00B /* ButtonStyles.swift */; };
		A6B3321229A59BFD00D6C00B /* SignUpView.swift in Sources */ = {isa = PBXBuildFile; fileRef = A6B3321129A59BFD00D6C00B /* SignUpView.swift */; };
		A6B3321429A59C5D00D6C00B /* Models.swift in Sources */ = {isa = PBXBuildFile; fileRef = A6B3321329A59C5D00D6C00B /* Models.swift */; };
		A6B3321629A59CFC00D6C00B /* TeacherViewModel.swift in Sources */ = {isa = PBXBuildFile; fileRef = A6B3321529A59CFC00D6C00B /* TeacherViewModel.swift */; };
		A6C14B3229A5A70700FE2D98 /* AboutTapInView.swift in Sources */ = {isa = PBXBuildFile; fileRef = A6C14B3129A5A70700FE2D98 /* AboutTapInView.swift */; };
		A6C14B3E29A650B500FE2D98 /* SignInView.swift in Sources */ = {isa = PBXBuildFile; fileRef = A6C14B3D29A650B500FE2D98 /* SignInView.swift */; };
		A6C14B4029A6CF2B00FE2D98 /* AdminDashboardView.swift in Sources */ = {isa = PBXBuildFile; fileRef = A6C14B3F29A6CF2B00FE2D98 /* AdminDashboardView.swift */; };
		A6C14B4429A6D2FC00FE2D98 /* BarChartView.swift in Sources */ = {isa = PBXBuildFile; fileRef = A6C14B4329A6D2FC00FE2D98 /* BarChartView.swift */; };
		A6C14B4629A939EA00FE2D98 /* AdminTabView.swift in Sources */ = {isa = PBXBuildFile; fileRef = A6C14B4529A939EA00FE2D98 /* AdminTabView.swift */; };
		A6C14B4829A940D400FE2D98 /* StaffSignUpView.swift in Sources */ = {isa = PBXBuildFile; fileRef = A6C14B4729A940D400FE2D98 /* StaffSignUpView.swift */; };
		A6C14B4D29A955E500FE2D98 /* StaffSignUpDetailsView.swift in Sources */ = {isa = PBXBuildFile; fileRef = A6C14B4C29A955E500FE2D98 /* StaffSignUpDetailsView.swift */; };
		A6C14B5529A95BF300FE2D98 /* Filters.swift in Sources */ = {isa = PBXBuildFile; fileRef = A6C14B5429A95BF300FE2D98 /* Filters.swift */; };
		A6C14B5729A95D9000FE2D98 /* FilterView.swift in Sources */ = {isa = PBXBuildFile; fileRef = A6C14B5629A95D9000FE2D98 /* FilterView.swift */; };
		A6C14B5929A96CAB00FE2D98 /* AdminTeachersView.swift in Sources */ = {isa = PBXBuildFile; fileRef = A6C14B5829A96CAB00FE2D98 /* AdminTeachersView.swift */; };
		A6C1EA6E29ACE3DE004C9819 /* AdminStudentsView.swift in Sources */ = {isa = PBXBuildFile; fileRef = A6C1EA6D29ACE3DE004C9819 /* AdminStudentsView.swift */; };
		A6C1EA7029ACE3EE004C9819 /* AdminSettingsView.swift in Sources */ = {isa = PBXBuildFile; fileRef = A6C1EA6F29ACE3EE004C9819 /* AdminSettingsView.swift */; };
		A6C1EA7229ACF14A004C9819 /* TapInResultsView.swift in Sources */ = {isa = PBXBuildFile; fileRef = A6C1EA7129ACF14A004C9819 /* TapInResultsView.swift */; };
		A6C1EA7429ACF150004C9819 /* TapInCompletionView.swift in Sources */ = {isa = PBXBuildFile; fileRef = A6C1EA7329ACF150004C9819 /* TapInCompletionView.swift */; };
		A6C1EA7829AE4185004C9819 /* AdminDashCardView.swift in Sources */ = {isa = PBXBuildFile; fileRef = A6C1EA7729AE4185004C9819 /* AdminDashCardView.swift */; };
		A6C1EA7A29AE42AD004C9819 /* CardViewPractice.swift in Sources */ = {isa = PBXBuildFile; fileRef = A6C1EA7929AE42AD004C9819 /* CardViewPractice.swift */; };
		A6C1EA7C29AFABD2004C9819 /* AdminTeacherClassView.swift in Sources */ = {isa = PBXBuildFile; fileRef = A6C1EA7B29AFABD2004C9819 /* AdminTeacherClassView.swift */; };
		A6C1EA8029AFB3ED004C9819 /* AdminTeacherClassCardView.swift in Sources */ = {isa = PBXBuildFile; fileRef = A6C1EA7F29AFB3ED004C9819 /* AdminTeacherClassCardView.swift */; };
/* End PBXBuildFile section */

/* Begin PBXFileReference section */
		A6B331FE29A5952B00D6C00B /* InTap.app */ = {isa = PBXFileReference; explicitFileType = wrapper.application; includeInIndex = 0; path = InTap.app; sourceTree = BUILT_PRODUCTS_DIR; };
		A6B3320129A5952B00D6C00B /* InTapApp.swift */ = {isa = PBXFileReference; lastKnownFileType = sourcecode.swift; path = InTapApp.swift; sourceTree = "<group>"; };
		A6B3320329A5952B00D6C00B /* ContentView.swift */ = {isa = PBXFileReference; lastKnownFileType = sourcecode.swift; path = ContentView.swift; sourceTree = "<group>"; };
		A6B3320529A5952C00D6C00B /* Assets.xcassets */ = {isa = PBXFileReference; lastKnownFileType = folder.assetcatalog; path = Assets.xcassets; sourceTree = "<group>"; };
		A6B3320829A5952C00D6C00B /* Preview Assets.xcassets */ = {isa = PBXFileReference; lastKnownFileType = folder.assetcatalog; path = "Preview Assets.xcassets"; sourceTree = "<group>"; };
		A6B3320F29A5975800D6C00B /* ButtonStyles.swift */ = {isa = PBXFileReference; lastKnownFileType = sourcecode.swift; path = ButtonStyles.swift; sourceTree = "<group>"; };
		A6B3321129A59BFD00D6C00B /* SignUpView.swift */ = {isa = PBXFileReference; lastKnownFileType = sourcecode.swift; path = SignUpView.swift; sourceTree = "<group>"; };
		A6B3321329A59C5D00D6C00B /* Models.swift */ = {isa = PBXFileReference; lastKnownFileType = sourcecode.swift; path = Models.swift; sourceTree = "<group>"; };
		A6B3321529A59CFC00D6C00B /* TeacherViewModel.swift */ = {isa = PBXFileReference; lastKnownFileType = sourcecode.swift; path = TeacherViewModel.swift; sourceTree = "<group>"; };
		A6C14B3129A5A70700FE2D98 /* AboutTapInView.swift */ = {isa = PBXFileReference; lastKnownFileType = sourcecode.swift; path = AboutTapInView.swift; sourceTree = "<group>"; };
		A6C14B3D29A650B500FE2D98 /* SignInView.swift */ = {isa = PBXFileReference; lastKnownFileType = sourcecode.swift; path = SignInView.swift; sourceTree = "<group>"; };
		A6C14B3F29A6CF2B00FE2D98 /* AdminDashboardView.swift */ = {isa = PBXFileReference; lastKnownFileType = sourcecode.swift; path = AdminDashboardView.swift; sourceTree = "<group>"; };
		A6C14B4329A6D2FC00FE2D98 /* BarChartView.swift */ = {isa = PBXFileReference; lastKnownFileType = sourcecode.swift; path = BarChartView.swift; sourceTree = "<group>"; };
		A6C14B4529A939EA00FE2D98 /* AdminTabView.swift */ = {isa = PBXFileReference; lastKnownFileType = sourcecode.swift; path = AdminTabView.swift; sourceTree = "<group>"; };
		A6C14B4729A940D400FE2D98 /* StaffSignUpView.swift */ = {isa = PBXFileReference; lastKnownFileType = sourcecode.swift; path = StaffSignUpView.swift; sourceTree = "<group>"; };
		A6C14B4C29A955E500FE2D98 /* StaffSignUpDetailsView.swift */ = {isa = PBXFileReference; lastKnownFileType = sourcecode.swift; path = StaffSignUpDetailsView.swift; sourceTree = "<group>"; };
		A6C14B5429A95BF300FE2D98 /* Filters.swift */ = {isa = PBXFileReference; lastKnownFileType = sourcecode.swift; name = Filters.swift; path = InTap/Views/Admin/Filters.swift; sourceTree = SOURCE_ROOT; };
		A6C14B5629A95D9000FE2D98 /* FilterView.swift */ = {isa = PBXFileReference; lastKnownFileType = sourcecode.swift; path = FilterView.swift; sourceTree = "<group>"; };
		A6C14B5829A96CAB00FE2D98 /* AdminTeachersView.swift */ = {isa = PBXFileReference; lastKnownFileType = sourcecode.swift; path = AdminTeachersView.swift; sourceTree = "<group>"; };
		A6C1EA6D29ACE3DE004C9819 /* AdminStudentsView.swift */ = {isa = PBXFileReference; lastKnownFileType = sourcecode.swift; path = AdminStudentsView.swift; sourceTree = "<group>"; };
		A6C1EA6F29ACE3EE004C9819 /* AdminSettingsView.swift */ = {isa = PBXFileReference; lastKnownFileType = sourcecode.swift; path = AdminSettingsView.swift; sourceTree = "<group>"; };
		A6C1EA7129ACF14A004C9819 /* TapInResultsView.swift */ = {isa = PBXFileReference; lastKnownFileType = sourcecode.swift; path = TapInResultsView.swift; sourceTree = "<group>"; };
		A6C1EA7329ACF150004C9819 /* TapInCompletionView.swift */ = {isa = PBXFileReference; lastKnownFileType = sourcecode.swift; path = TapInCompletionView.swift; sourceTree = "<group>"; };
		A6C1EA7729AE4185004C9819 /* AdminDashCardView.swift */ = {isa = PBXFileReference; lastKnownFileType = sourcecode.swift; path = AdminDashCardView.swift; sourceTree = "<group>"; };
		A6C1EA7929AE42AD004C9819 /* CardViewPractice.swift */ = {isa = PBXFileReference; lastKnownFileType = sourcecode.swift; path = CardViewPractice.swift; sourceTree = "<group>"; };
		A6C1EA7B29AFABD2004C9819 /* AdminTeacherClassView.swift */ = {isa = PBXFileReference; lastKnownFileType = sourcecode.swift; path = AdminTeacherClassView.swift; sourceTree = "<group>"; };
		A6C1EA7F29AFB3ED004C9819 /* AdminTeacherClassCardView.swift */ = {isa = PBXFileReference; lastKnownFileType = sourcecode.swift; path = AdminTeacherClassCardView.swift; sourceTree = "<group>"; };
/* End PBXFileReference section */

/* Begin PBXFrameworksBuildPhase section */
		A6B331FB29A5952B00D6C00B /* Frameworks */ = {
			isa = PBXFrameworksBuildPhase;
			buildActionMask = 2147483647;
			files = (
			);
			runOnlyForDeploymentPostprocessing = 0;
		};
/* End PBXFrameworksBuildPhase section */

/* Begin PBXGroup section */
		A6B331F529A5952B00D6C00B = {
			isa = PBXGroup;
			children = (
				A6B3320029A5952B00D6C00B /* InTap */,
				A6B331FF29A5952B00D6C00B /* Products */,
			);
			sourceTree = "<group>";
		};
		A6B331FF29A5952B00D6C00B /* Products */ = {
			isa = PBXGroup;
			children = (
				A6B331FE29A5952B00D6C00B /* InTap.app */,
			);
			name = Products;
			sourceTree = "<group>";
		};
		A6B3320029A5952B00D6C00B /* InTap */ = {
			isa = PBXGroup;
			children = (
				A6B3320129A5952B00D6C00B /* InTapApp.swift */,
				A6C14B5329A956B200FE2D98 /* Views */,
				A6C14B5229A9567000FE2D98 /* Models */,
				A6C14B5129A9565000FE2D98 /* ViewModels */,
				A6B3320529A5952C00D6C00B /* Assets.xcassets */,
				A6B3320729A5952C00D6C00B /* Preview Content */,
			);
			path = InTap;
			sourceTree = "<group>";
		};
		A6B3320729A5952C00D6C00B /* Preview Content */ = {
			isa = PBXGroup;
			children = (
				A6B3320829A5952C00D6C00B /* Preview Assets.xcassets */,
			);
			path = "Preview Content";
			sourceTree = "<group>";
		};
		A6C14B4F29A9561500FE2D98 /* Staff */ = {
			isa = PBXGroup;
			children = (
				A6C14B4729A940D400FE2D98 /* StaffSignUpView.swift */,
				A6C14B4C29A955E500FE2D98 /* StaffSignUpDetailsView.swift */,
			);
			path = Staff;
			sourceTree = "<group>";
		};
		A6C14B5029A9563000FE2D98 /* Admin */ = {
			isa = PBXGroup;
			children = (
				A6B3321129A59BFD00D6C00B /* SignUpView.swift */,
				A6C14B3F29A6CF2B00FE2D98 /* AdminDashboardView.swift */,
				A6C14B5829A96CAB00FE2D98 /* AdminTeachersView.swift */,
				A6C1EA7B29AFABD2004C9819 /* AdminTeacherClassView.swift */,
				A6C1EA6D29ACE3DE004C9819 /* AdminStudentsView.swift */,
				A6C1EA6F29ACE3EE004C9819 /* AdminSettingsView.swift */,
			);
			path = Admin;
			sourceTree = "<group>";
		};
		A6C14B5129A9565000FE2D98 /* ViewModels */ = {
			isa = PBXGroup;
			children = (
				A6B3321529A59CFC00D6C00B /* TeacherViewModel.swift */,
				A6C1EA7929AE42AD004C9819 /* CardViewPractice.swift */,
				A6C14B4329A6D2FC00FE2D98 /* BarChartView.swift */,
				A6C1EA7729AE4185004C9819 /* AdminDashCardView.swift */,
				A6C1EA7F29AFB3ED004C9819 /* AdminTeacherClassCardView.swift */,
			);
			path = ViewModels;
			sourceTree = "<group>";
		};
		A6C14B5229A9567000FE2D98 /* Models */ = {
			isa = PBXGroup;
			children = (
				A6C14B5429A95BF300FE2D98 /* Filters.swift */,
				A6B3321329A59C5D00D6C00B /* Models.swift */,
				A6B3320F29A5975800D6C00B /* ButtonStyles.swift */,
			);
			path = Models;
			sourceTree = "<group>";
		};
		A6C14B5329A956B200FE2D98 /* Views */ = {
			isa = PBXGroup;
			children = (
				A6C14B4529A939EA00FE2D98 /* AdminTabView.swift */,
				A6B3320329A5952B00D6C00B /* ContentView.swift */,
				A6C14B3D29A650B500FE2D98 /* SignInView.swift */,
				A6C14B5629A95D9000FE2D98 /* FilterView.swift */,
				A6C14B3129A5A70700FE2D98 /* AboutTapInView.swift */,
				A6C1EA7129ACF14A004C9819 /* TapInResultsView.swift */,
				A6C1EA7329ACF150004C9819 /* TapInCompletionView.swift */,
				A6C14B4F29A9561500FE2D98 /* Staff */,
				A6C14B5029A9563000FE2D98 /* Admin */,
			);
			path = Views;
			sourceTree = "<group>";
		};
/* End PBXGroup section */

/* Begin PBXNativeTarget section */
		A6B331FD29A5952B00D6C00B /* InTap */ = {
			isa = PBXNativeTarget;
			buildConfigurationList = A6B3320C29A5952C00D6C00B /* Build configuration list for PBXNativeTarget "InTap" */;
			buildPhases = (
				A6B331FA29A5952B00D6C00B /* Sources */,
				A6B331FB29A5952B00D6C00B /* Frameworks */,
				A6B331FC29A5952B00D6C00B /* Resources */,
			);
			buildRules = (
			);
			dependencies = (
			);
			name = InTap;
			productName = InTap;
			productReference = A6B331FE29A5952B00D6C00B /* InTap.app */;
			productType = "com.apple.product-type.application";
		};
/* End PBXNativeTarget section */

/* Begin PBXProject section */
		A6B331F629A5952B00D6C00B /* Project object */ = {
			isa = PBXProject;
			attributes = {
				BuildIndependentTargetsInParallel = 1;
				LastSwiftUpdateCheck = 1420;
				LastUpgradeCheck = 1420;
				TargetAttributes = {
					A6B331FD29A5952B00D6C00B = {
						CreatedOnToolsVersion = 14.2;
					};
				};
			};
			buildConfigurationList = A6B331F929A5952B00D6C00B /* Build configuration list for PBXProject "InTap" */;
			compatibilityVersion = "Xcode 14.0";
			developmentRegion = en;
			hasScannedForEncodings = 0;
			knownRegions = (
				en,
				Base,
			);
			mainGroup = A6B331F529A5952B00D6C00B;
			productRefGroup = A6B331FF29A5952B00D6C00B /* Products */;
			projectDirPath = "";
			projectRoot = "";
			targets = (
				A6B331FD29A5952B00D6C00B /* InTap */,
			);
		};
/* End PBXProject section */

/* Begin PBXResourcesBuildPhase section */
		A6B331FC29A5952B00D6C00B /* Resources */ = {
			isa = PBXResourcesBuildPhase;
			buildActionMask = 2147483647;
			files = (
				A6B3320929A5952C00D6C00B /* Preview Assets.xcassets in Resources */,
				A6B3320629A5952C00D6C00B /* Assets.xcassets in Resources */,
			);
			runOnlyForDeploymentPostprocessing = 0;
		};
/* End PBXResourcesBuildPhase section */

/* Begin PBXSourcesBuildPhase section */
		A6B331FA29A5952B00D6C00B /* Sources */ = {
			isa = PBXSourcesBuildPhase;
			buildActionMask = 2147483647;
			files = (
				A6C1EA7C29AFABD2004C9819 /* AdminTeacherClassView.swift in Sources */,
				A6C14B5929A96CAB00FE2D98 /* AdminTeachersView.swift in Sources */,
				A6C1EA8029AFB3ED004C9819 /* AdminTeacherClassCardView.swift in Sources */,
				A6C14B4D29A955E500FE2D98 /* StaffSignUpDetailsView.swift in Sources */,
				A6C14B4629A939EA00FE2D98 /* AdminTabView.swift in Sources */,
				A6C1EA6E29ACE3DE004C9819 /* AdminStudentsView.swift in Sources */,
				A6B3321429A59C5D00D6C00B /* Models.swift in Sources */,
				A6C1EA7229ACF14A004C9819 /* TapInResultsView.swift in Sources */,
				A6B3321629A59CFC00D6C00B /* TeacherViewModel.swift in Sources */,
				A6C14B4029A6CF2B00FE2D98 /* AdminDashboardView.swift in Sources */,
				A6B3321229A59BFD00D6C00B /* SignUpView.swift in Sources */,
				A6C1EA7429ACF150004C9819 /* TapInCompletionView.swift in Sources */,
				A6C14B4829A940D400FE2D98 /* StaffSignUpView.swift in Sources */,
				A6C14B5529A95BF300FE2D98 /* Filters.swift in Sources */,
				A6B3320429A5952B00D6C00B /* ContentView.swift in Sources */,
				A6C1EA7029ACE3EE004C9819 /* AdminSettingsView.swift in Sources */,
				A6B3321029A5975800D6C00B /* ButtonStyles.swift in Sources */,
				A6C14B3229A5A70700FE2D98 /* AboutTapInView.swift in Sources */,
				A6C14B3E29A650B500FE2D98 /* SignInView.swift in Sources */,
				A6B3320229A5952B00D6C00B /* InTapApp.swift in Sources */,
				A6C14B5729A95D9000FE2D98 /* FilterView.swift in Sources */,
				A6C14B4429A6D2FC00FE2D98 /* BarChartView.swift in Sources */,
				A6C1EA7829AE4185004C9819 /* AdminDashCardView.swift in Sources */,
				A6C1EA7A29AE42AD004C9819 /* CardViewPractice.swift in Sources */,
			);
			runOnlyForDeploymentPostprocessing = 0;
		};
/* End PBXSourcesBuildPhase section */

/* Begin XCBuildConfiguration section */
		A6B3320A29A5952C00D6C00B /* Debug */ = {
			isa = XCBuildConfiguration;
			buildSettings = {
				ALWAYS_SEARCH_USER_PATHS = NO;
				CLANG_ANALYZER_NONNULL = YES;
				CLANG_ANALYZER_NUMBER_OBJECT_CONVERSION = YES_AGGRESSIVE;
				CLANG_CXX_LANGUAGE_STANDARD = "gnu++20";
				CLANG_ENABLE_MODULES = YES;
				CLANG_ENABLE_OBJC_ARC = YES;
				CLANG_ENABLE_OBJC_WEAK = YES;
				CLANG_WARN_BLOCK_CAPTURE_AUTORELEASING = YES;
				CLANG_WARN_BOOL_CONVERSION = YES;
				CLANG_WARN_COMMA = YES;
				CLANG_WARN_CONSTANT_CONVERSION = YES;
				CLANG_WARN_DEPRECATED_OBJC_IMPLEMENTATIONS = YES;
				CLANG_WARN_DIRECT_OBJC_ISA_USAGE = YES_ERROR;
				CLANG_WARN_DOCUMENTATION_COMMENTS = YES;
				CLANG_WARN_EMPTY_BODY = YES;
				CLANG_WARN_ENUM_CONVERSION = YES;
				CLANG_WARN_INFINITE_RECURSION = YES;
				CLANG_WARN_INT_CONVERSION = YES;
				CLANG_WARN_NON_LITERAL_NULL_CONVERSION = YES;
				CLANG_WARN_OBJC_IMPLICIT_RETAIN_SELF = YES;
				CLANG_WARN_OBJC_LITERAL_CONVERSION = YES;
				CLANG_WARN_OBJC_ROOT_CLASS = YES_ERROR;
				CLANG_WARN_QUOTED_INCLUDE_IN_FRAMEWORK_HEADER = YES;
				CLANG_WARN_RANGE_LOOP_ANALYSIS = YES;
				CLANG_WARN_STRICT_PROTOTYPES = YES;
				CLANG_WARN_SUSPICIOUS_MOVE = YES;
				CLANG_WARN_UNGUARDED_AVAILABILITY = YES_AGGRESSIVE;
				CLANG_WARN_UNREACHABLE_CODE = YES;
				CLANG_WARN__DUPLICATE_METHOD_MATCH = YES;
				COPY_PHASE_STRIP = NO;
				DEBUG_INFORMATION_FORMAT = dwarf;
				ENABLE_STRICT_OBJC_MSGSEND = YES;
				ENABLE_TESTABILITY = YES;
				GCC_C_LANGUAGE_STANDARD = gnu11;
				GCC_DYNAMIC_NO_PIC = NO;
				GCC_NO_COMMON_BLOCKS = YES;
				GCC_OPTIMIZATION_LEVEL = 0;
				GCC_PREPROCESSOR_DEFINITIONS = (
					"DEBUG=1",
					"$(inherited)",
				);
				GCC_WARN_64_TO_32_BIT_CONVERSION = YES;
				GCC_WARN_ABOUT_RETURN_TYPE = YES_ERROR;
				GCC_WARN_UNDECLARED_SELECTOR = YES;
				GCC_WARN_UNINITIALIZED_AUTOS = YES_AGGRESSIVE;
				GCC_WARN_UNUSED_FUNCTION = YES;
				GCC_WARN_UNUSED_VARIABLE = YES;
				IPHONEOS_DEPLOYMENT_TARGET = 16.2;
				MTL_ENABLE_DEBUG_INFO = INCLUDE_SOURCE;
				MTL_FAST_MATH = YES;
				ONLY_ACTIVE_ARCH = YES;
				SDKROOT = iphoneos;
				SWIFT_ACTIVE_COMPILATION_CONDITIONS = DEBUG;
				SWIFT_OPTIMIZATION_LEVEL = "-Onone";
			};
			name = Debug;
		};
		A6B3320B29A5952C00D6C00B /* Release */ = {
			isa = XCBuildConfiguration;
			buildSettings = {
				ALWAYS_SEARCH_USER_PATHS = NO;
				CLANG_ANALYZER_NONNULL = YES;
				CLANG_ANALYZER_NUMBER_OBJECT_CONVERSION = YES_AGGRESSIVE;
				CLANG_CXX_LANGUAGE_STANDARD = "gnu++20";
				CLANG_ENABLE_MODULES = YES;
				CLANG_ENABLE_OBJC_ARC = YES;
				CLANG_ENABLE_OBJC_WEAK = YES;
				CLANG_WARN_BLOCK_CAPTURE_AUTORELEASING = YES;
				CLANG_WARN_BOOL_CONVERSION = YES;
				CLANG_WARN_COMMA = YES;
				CLANG_WARN_CONSTANT_CONVERSION = YES;
				CLANG_WARN_DEPRECATED_OBJC_IMPLEMENTATIONS = YES;
				CLANG_WARN_DIRECT_OBJC_ISA_USAGE = YES_ERROR;
				CLANG_WARN_DOCUMENTATION_COMMENTS = YES;
				CLANG_WARN_EMPTY_BODY = YES;
				CLANG_WARN_ENUM_CONVERSION = YES;
				CLANG_WARN_INFINITE_RECURSION = YES;
				CLANG_WARN_INT_CONVERSION = YES;
				CLANG_WARN_NON_LITERAL_NULL_CONVERSION = YES;
				CLANG_WARN_OBJC_IMPLICIT_RETAIN_SELF = YES;
				CLANG_WARN_OBJC_LITERAL_CONVERSION = YES;
				CLANG_WARN_OBJC_ROOT_CLASS = YES_ERROR;
				CLANG_WARN_QUOTED_INCLUDE_IN_FRAMEWORK_HEADER = YES;
				CLANG_WARN_RANGE_LOOP_ANALYSIS = YES;
				CLANG_WARN_STRICT_PROTOTYPES = YES;
				CLANG_WARN_SUSPICIOUS_MOVE = YES;
				CLANG_WARN_UNGUARDED_AVAILABILITY = YES_AGGRESSIVE;
				CLANG_WARN_UNREACHABLE_CODE = YES;
				CLANG_WARN__DUPLICATE_METHOD_MATCH = YES;
				COPY_PHASE_STRIP = NO;
				DEBUG_INFORMATION_FORMAT = "dwarf-with-dsym";
				ENABLE_NS_ASSERTIONS = NO;
				ENABLE_STRICT_OBJC_MSGSEND = YES;
				GCC_C_LANGUAGE_STANDARD = gnu11;
				GCC_NO_COMMON_BLOCKS = YES;
				GCC_WARN_64_TO_32_BIT_CONVERSION = YES;
				GCC_WARN_ABOUT_RETURN_TYPE = YES_ERROR;
				GCC_WARN_UNDECLARED_SELECTOR = YES;
				GCC_WARN_UNINITIALIZED_AUTOS = YES_AGGRESSIVE;
				GCC_WARN_UNUSED_FUNCTION = YES;
				GCC_WARN_UNUSED_VARIABLE = YES;
				IPHONEOS_DEPLOYMENT_TARGET = 16.2;
				MTL_ENABLE_DEBUG_INFO = NO;
				MTL_FAST_MATH = YES;
				SDKROOT = iphoneos;
				SWIFT_COMPILATION_MODE = wholemodule;
				SWIFT_OPTIMIZATION_LEVEL = "-O";
				VALIDATE_PRODUCT = YES;
			};
			name = Release;
		};
		A6B3320D29A5952C00D6C00B /* Debug */ = {
			isa = XCBuildConfiguration;
			buildSettings = {
				ASSETCATALOG_COMPILER_APPICON_NAME = AppIcon;
				ASSETCATALOG_COMPILER_GLOBAL_ACCENT_COLOR_NAME = AccentColor;
				CODE_SIGN_STYLE = Automatic;
				CURRENT_PROJECT_VERSION = 1;
				DEVELOPMENT_ASSET_PATHS = "\"InTap/Preview Content\"";
				ENABLE_PREVIEWS = YES;
				GENERATE_INFOPLIST_FILE = YES;
				INFOPLIST_KEY_UIApplicationSceneManifest_Generation = YES;
				INFOPLIST_KEY_UIApplicationSupportsIndirectInputEvents = YES;
				INFOPLIST_KEY_UILaunchScreen_Generation = YES;
				INFOPLIST_KEY_UISupportedInterfaceOrientations_iPad = "UIInterfaceOrientationPortrait UIInterfaceOrientationPortraitUpsideDown UIInterfaceOrientationLandscapeLeft UIInterfaceOrientationLandscapeRight";
				INFOPLIST_KEY_UISupportedInterfaceOrientations_iPhone = "UIInterfaceOrientationPortrait UIInterfaceOrientationLandscapeLeft UIInterfaceOrientationLandscapeRight";
				LD_RUNPATH_SEARCH_PATHS = (
					"$(inherited)",
					"@executable_path/Frameworks",
				);
				MARKETING_VERSION = 1.0;
				PRODUCT_BUNDLE_IDENTIFIER = nick.InTap;
				PRODUCT_NAME = "$(TARGET_NAME)";
				SWIFT_EMIT_LOC_STRINGS = YES;
				SWIFT_VERSION = 5.0;
				TARGETED_DEVICE_FAMILY = "1,2";
			};
			name = Debug;
		};
		A6B3320E29A5952C00D6C00B /* Release */ = {
			isa = XCBuildConfiguration;
			buildSettings = {
				ASSETCATALOG_COMPILER_APPICON_NAME = AppIcon;
				ASSETCATALOG_COMPILER_GLOBAL_ACCENT_COLOR_NAME = AccentColor;
				CODE_SIGN_STYLE = Automatic;
				CURRENT_PROJECT_VERSION = 1;
				DEVELOPMENT_ASSET_PATHS = "\"InTap/Preview Content\"";
				ENABLE_PREVIEWS = YES;
				GENERATE_INFOPLIST_FILE = YES;
				INFOPLIST_KEY_UIApplicationSceneManifest_Generation = YES;
				INFOPLIST_KEY_UIApplicationSupportsIndirectInputEvents = YES;
				INFOPLIST_KEY_UILaunchScreen_Generation = YES;
				INFOPLIST_KEY_UISupportedInterfaceOrientations_iPad = "UIInterfaceOrientationPortrait UIInterfaceOrientationPortraitUpsideDown UIInterfaceOrientationLandscapeLeft UIInterfaceOrientationLandscapeRight";
				INFOPLIST_KEY_UISupportedInterfaceOrientations_iPhone = "UIInterfaceOrientationPortrait UIInterfaceOrientationLandscapeLeft UIInterfaceOrientationLandscapeRight";
				LD_RUNPATH_SEARCH_PATHS = (
					"$(inherited)",
					"@executable_path/Frameworks",
				);
				MARKETING_VERSION = 1.0;
				PRODUCT_BUNDLE_IDENTIFIER = nick.InTap;
				PRODUCT_NAME = "$(TARGET_NAME)";
				SWIFT_EMIT_LOC_STRINGS = YES;
				SWIFT_VERSION = 5.0;
				TARGETED_DEVICE_FAMILY = "1,2";
			};
			name = Release;
		};
/* End XCBuildConfiguration section */

/* Begin XCConfigurationList section */
		A6B331F929A5952B00D6C00B /* Build configuration list for PBXProject "InTap" */ = {
			isa = XCConfigurationList;
			buildConfigurations = (
				A6B3320A29A5952C00D6C00B /* Debug */,
				A6B3320B29A5952C00D6C00B /* Release */,
			);
			defaultConfigurationIsVisible = 0;
			defaultConfigurationName = Release;
		};
		A6B3320C29A5952C00D6C00B /* Build configuration list for PBXNativeTarget "InTap" */ = {
			isa = XCConfigurationList;
			buildConfigurations = (
				A6B3320D29A5952C00D6C00B /* Debug */,
				A6B3320E29A5952C00D6C00B /* Release */,
			);
			defaultConfigurationIsVisible = 0;
			defaultConfigurationName = Release;
		};
/* End XCConfigurationList section */
	};
	rootObject = A6B331F629A5952B00D6C00B /* Project object */;
}
